
Microsoft Visual Studio Solution File, Format Version 12.00
# Visual Studio Version 16
VisualStudioVersion = 16.0.33920.266
MinimumVisualStudioVersion = 10.0.40219.1
Project("{FAE04EC0-301F-11D3-BF4B-00C04F79EFBC}") = "task1", "task1.csproj", "{818089E3-8C3F-403E-B7D9-F8EF627375DC}"
EndProject
Global
	GlobalSection(SolutionConfigurationPlatforms) = preSolution
		Debug|Any CPU = Debug|Any CPU
		Release|Any CPU = Release|Any CPU
	EndGlobalSection
	GlobalSection(ProjectConfigurationPlatforms) = postSolution
		{818089E3-8C3F-403E-B7D9-F8EF627375DC}.Debug|Any CPU.ActiveCfg = Debug|Any CPU
		{818089E3-8C3F-403E-B7D9-F8EF627375DC}.Debug|Any CPU.Build.0 = Debug|Any CPU
		{818089E3-8C3F-403E-B7D9-F8EF627375DC}.Release|Any CPU.ActiveCfg = Release|Any CPU
		{818089E3-8C3F-403E-B7D9-F8EF627375DC}.Release|Any CPU.Build.0 = Release|Any CPU
	EndGlobalSection
	GlobalSection(SolutionProperties) = preSolution
		HideSolutionNode = FALSE
	EndGlobalSection
	GlobalSection(ExtensibilityGlobals) = postSolution
		SolutionGuid = {EA970C9D-EF06-4203-AE5B-6283BD47ACEA}
	EndGlobalSection
EndGlobal
